{
  "lockfileVersion": 1,
  "configVersion": 1,
  "workspaces": {
    "": {
      "devDependencies": {
        "turbo": "^2.8.18",
      },
    },
  },
  "packages": {
    "@turbo/darwin-64": ["@turbo/darwin-64@2.8.18", "", { "os": "darwin", "cpu": "x64" }, "sha512-3QNJ8VR2y1+AZX1HRB2uAvBWHWYpyWMYuDPAPHwhmpC74YweQmPh41dQZ9fkNcgT1eZNgYKf6Q3Hq7i0XK3Ybg=="],

    "@turbo/darwin-arm64": ["@turbo/darwin-arm64@2.8.18", "", { "os": "darwin", "cpu": "arm64" }, "sha512-kiFEHQ+l64yzRtFcBSdHG9s/EF3aEzzmkuR8e1ygv7ol1YnWwz5EQEbZz6Ajt1sNYYRlo0GXw/d1YanVS9KWPA=="],

    "@turbo/linux-64": ["@turbo/linux-64@2.8.18", "", { "os": "linux", "cpu": "x64" }, "sha512-GlMHBGfob6pOQv7t6imx11O0WJapVVNcJxw+HkliIr1ez8vr8SskM7njqOtqKBTaooCmGA71BFInNRZNYO9qlg=="],

    "@turbo/linux-arm64": ["@turbo/linux-arm64@2.8.18", "", { "os": "linux", "cpu": "arm64" }, "sha512-ogWEZ8K/NznjnJU1idHYOA62Y7xYyMnt+kKTZzRNJ9Ye2japtjDkixC31yHaA9QJayb+yS5V8gNDjVfh2yGrIw=="],

    "@turbo/windows-64": ["@turbo/windows-64@2.8.18", "", { "os": "win32", "cpu": "x64" }, "sha512-29g6qryc18ls7BKUmVsjjHAbx2eDgab5CUSPhbCKZYCBfzaW+i79wCzyVoC0NJ8IRNwbLch2QEzgGEoRC6uGOQ=="],

    "@turbo/windows-arm64": ["@turbo/windows-arm64@2.8.18", "", { "os": "win32", "cpu": "arm64" }, "sha512-hLsgNDzDDO+Tq2YJ9uvmB2PFTYCgeNj6cyAOOBZP9rsOx0kxNBo4/OvDIgYl/cfo7wsoRBxNQ9giYR+rZMcAjA=="],

    "turbo": ["turbo@2.8.18", "", { "optionalDependencies": { "@turbo/darwin-64": "2.8.18", "@turbo/darwin-arm64": "2.8.18", "@turbo/linux-64": "2.8.18", "@turbo/linux-arm64": "2.8.18", "@turbo/windows-64": "2.8.18", "@turbo/windows-arm64": "2.8.18" }, "bin": { "turbo": "bin/turbo" } }, "sha512-ZO5aYR8wXIcZ+KRL8W7RFWbqIRDyYHtesF/g9zPMndmq+KkX34qrZgG9M+YswJ6BGX4jlYC1FlJjleKENagJdw=="],
  }
}
